
Microsoft Visual Studio Solution File, Format Version 12.00
# Visual Studio Version 16
VisualStudioVersion = 16.0.31702.278
MinimumVisualStudioVersion = 10.0.40219.1
Project("{FAE04EC0-301F-11D3-BF4B-00C04F79EFBC}") = "StavbyBydleni", "StavbyBydleni\StavbyBydleni.csproj", "{ABEE70B5-EE76-41D0-8487-F2494C9BECC7}"
EndProject
Global
	GlobalSection(SolutionConfigurationPlatforms) = preSolution
		Debug|Any CPU = Debug|Any CPU
		Release|Any CPU = Release|Any CPU
	EndGlobalSection
	GlobalSection(ProjectConfigurationPlatforms) = postSolution
		{ABEE70B5-EE76-41D0-8487-F2494C9BECC7}.Debug|Any CPU.ActiveCfg = Debug|Any CPU
		{ABEE70B5-EE76-41D0-8487-F2494C9BECC7}.Debug|Any CPU.Build.0 = Debug|Any CPU
		{ABEE70B5-EE76-41D0-8487-F2494C9BECC7}.Release|Any CPU.ActiveCfg = Release|Any CPU
		{ABEE70B5-EE76-41D0-8487-F2494C9BECC7}.Release|Any CPU.Build.0 = Release|Any CPU
	EndGlobalSection
	GlobalSection(SolutionProperties) = preSolution
		HideSolutionNode = FALSE
	EndGlobalSection
	GlobalSection(ExtensibilityGlobals) = postSolution
		SolutionGuid = {91E00CCD-4766-456C-A0CB-6BDEB9003610}
	EndGlobalSection
EndGlobal
